
Microsoft Visual Studio Solution File, Format Version 12.00
# Visual Studio 15
VisualStudioVersion = 15.0.28307.438
MinimumVisualStudioVersion = 10.0.40219.1
Project("{FAE04EC0-301F-11D3-BF4B-00C04F79EFBC}") = "UI", "UI\UI.csproj", "{08B8E0C2-82A8-4420-8B4D-EA89C946ED87}"
EndProject
Global
	GlobalSection(SolutionConfigurationPlatforms) = preSolution
		Debug|Any CPU = Debug|Any CPU
		Release|Any CPU = Release|Any CPU
	EndGlobalSection
	GlobalSection(ProjectConfigurationPlatforms) = postSolution
		{08B8E0C2-82A8-4420-8B4D-EA89C946ED87}.Debug|Any CPU.ActiveCfg = Debug|Any CPU
		{08B8E0C2-82A8-4420-8B4D-EA89C946ED87}.Debug|Any CPU.Build.0 = Debug|Any CPU
		{08B8E0C2-82A8-4420-8B4D-EA89C946ED87}.Release|Any CPU.ActiveCfg = Release|Any CPU
		{08B8E0C2-82A8-4420-8B4D-EA89C946ED87}.Release|Any CPU.Build.0 = Release|Any CPU
	EndGlobalSection
	GlobalSection(SolutionProperties) = preSolution
		HideSolutionNode = FALSE
	EndGlobalSection
	GlobalSection(ExtensibilityGlobals) = postSolution
		SolutionGuid = {C92C777E-FBA5-40D7-B230-5C124873AEB3}
	EndGlobalSection
EndGlobal
